PODS:
  - Alamofire (4.5.0)
  - IQKeyboardManagerSwift (4.0.13)
  - SwiftLint (0.22.0)
  - SwiftyJSON (3.1.4)

DEPENDENCIES:
  - Alamofire (~> 4.4)
  - IQKeyboardManagerSwift
  - SwiftLint
  - SwiftyJSON

SPEC CHECKSUMS:
  Alamofire: f28cdffd29de33a7bfa022cbd63ae95a27fae140
  IQKeyboardManagerSwift: fb399c4cddcd8d9bbcd2d0c7c81ed290b61c088e
  SwiftLint: 1134786caedd2caab0560d2f36b76414a5a56808
  SwiftyJSON: c2842d878f95482ffceec5709abc3d05680c0220

PODFILE CHECKSUM: 32d8b0c4e313c31a2e9d2f457759685705777c1c

COCOAPODS: 1.2.1
