PODS:
  - Alamofire (4.5.0)
  - SwiftLint (0.22.0)
  - SwiftyJSON (3.1.4)

DEPENDENCIES:
  - Alamofire (~> 4.4)
  - SwiftLint
  - SwiftyJSON

SPEC CHECKSUMS:
  Alamofire: f28cdffd29de33a7bfa022cbd63ae95a27fae140
  SwiftLint: 1134786caedd2caab0560d2f36b76414a5a56808
  SwiftyJSON: c2842d878f95482ffceec5709abc3d05680c0220

PODFILE CHECKSUM: 54020c141cab86cee655700eb4fe4874d1768ced

COCOAPODS: 1.2.1
